
Microsoft Visual Studio Solution File, Format Version 12.00
# Visual Studio Version 16
VisualStudioVersion = 16.0.31410.357
MinimumVisualStudioVersion = 10.0.40219.1
Project("{9A19103F-16F7-4668-BE54-9A1E7A4F7556}") = "SystemManagement", "SystemManagement\SystemManagement.csproj", "{8401150B-5A10-4EE6-A600-76BC68697167}"
EndProject
Project("{9A19103F-16F7-4668-BE54-9A1E7A4F7556}") = "DataObjects", "DataObjects\DataObjects.csproj", "{4DBBC6FC-9C01-4F9E-8D99-232E8A743499}"
EndProject
Project("{9A19103F-16F7-4668-BE54-9A1E7A4F7556}") = "AppUtilities", "AppUtilities\AppUtilities.csproj", "{A753241C-F8D5-4014-9033-A63198E2E238}"
EndProject
Project("{FAE04EC0-301F-11D3-BF4B-00C04F79EFBC}") = "LoginSystem", "LoginSystem\LoginSystem.csproj", "{B1E03DA3-26F6-4E46-98BF-41E8AFBBCD81}"
EndProject
Global
	GlobalSection(SolutionConfigurationPlatforms) = preSolution
		Debug|Any CPU = Debug|Any CPU
		Release|Any CPU = Release|Any CPU
	EndGlobalSection
	GlobalSection(ProjectConfigurationPlatforms) = postSolution
		{8401150B-5A10-4EE6-A600-76BC68697167}.Debug|Any CPU.ActiveCfg = Debug|Any CPU
		{8401150B-5A10-4EE6-A600-76BC68697167}.Debug|Any CPU.Build.0 = Debug|Any CPU
		{8401150B-5A10-4EE6-A600-76BC68697167}.Release|Any CPU.ActiveCfg = Release|Any CPU
		{8401150B-5A10-4EE6-A600-76BC68697167}.Release|Any CPU.Build.0 = Release|Any CPU
		{4DBBC6FC-9C01-4F9E-8D99-232E8A743499}.Debug|Any CPU.ActiveCfg = Debug|Any CPU
		{4DBBC6FC-9C01-4F9E-8D99-232E8A743499}.Debug|Any CPU.Build.0 = Debug|Any CPU
		{4DBBC6FC-9C01-4F9E-8D99-232E8A743499}.Release|Any CPU.ActiveCfg = Release|Any CPU
		{4DBBC6FC-9C01-4F9E-8D99-232E8A743499}.Release|Any CPU.Build.0 = Release|Any CPU
		{A753241C-F8D5-4014-9033-A63198E2E238}.Debug|Any CPU.ActiveCfg = Debug|Any CPU
		{A753241C-F8D5-4014-9033-A63198E2E238}.Debug|Any CPU.Build.0 = Debug|Any CPU
		{A753241C-F8D5-4014-9033-A63198E2E238}.Release|Any CPU.ActiveCfg = Release|Any CPU
		{A753241C-F8D5-4014-9033-A63198E2E238}.Release|Any CPU.Build.0 = Release|Any CPU
		{B1E03DA3-26F6-4E46-98BF-41E8AFBBCD81}.Debug|Any CPU.ActiveCfg = Debug|Any CPU
		{B1E03DA3-26F6-4E46-98BF-41E8AFBBCD81}.Debug|Any CPU.Build.0 = Debug|Any CPU
		{B1E03DA3-26F6-4E46-98BF-41E8AFBBCD81}.Release|Any CPU.ActiveCfg = Release|Any CPU
		{B1E03DA3-26F6-4E46-98BF-41E8AFBBCD81}.Release|Any CPU.Build.0 = Release|Any CPU
	EndGlobalSection
	GlobalSection(SolutionProperties) = preSolution
		HideSolutionNode = FALSE
	EndGlobalSection
	GlobalSection(ExtensibilityGlobals) = postSolution
		SolutionGuid = {21D3AEDA-C1D3-4637-8218-A77D775C4F65}
	EndGlobalSection
EndGlobal
